
Microsoft Visual Studio Solution File, Format Version 12.00
# Visual Studio Version 17
VisualStudioVersion = 17.14.36811.4 d17.14
MinimumVisualStudioVersion = 10.0.40219.1
Project("{FAE04EC0-301F-11D3-BF4B-00C04F79EFBC}") = "Cadastro2", "Cadastro2\Cadastro2.csproj", "{42E269D7-02EC-46BB-B3A2-70827D69B716}"
EndProject
Global
	GlobalSection(SolutionConfigurationPlatforms) = preSolution
		Debug|Any CPU = Debug|Any CPU
		Release|Any CPU = Release|Any CPU
	EndGlobalSection
	GlobalSection(ProjectConfigurationPlatforms) = postSolution
		{42E269D7-02EC-46BB-B3A2-70827D69B716}.Debug|Any CPU.ActiveCfg = Debug|Any CPU
		{42E269D7-02EC-46BB-B3A2-70827D69B716}.Debug|Any CPU.Build.0 = Debug|Any CPU
		{42E269D7-02EC-46BB-B3A2-70827D69B716}.Release|Any CPU.ActiveCfg = Release|Any CPU
		{42E269D7-02EC-46BB-B3A2-70827D69B716}.Release|Any CPU.Build.0 = Release|Any CPU
	EndGlobalSection
	GlobalSection(SolutionProperties) = preSolution
		HideSolutionNode = FALSE
	EndGlobalSection
	GlobalSection(ExtensibilityGlobals) = postSolution
		SolutionGuid = {392FB1BC-5BB8-4EF1-8AB6-58395237DF5D}
	EndGlobalSection
EndGlobal
